
Microsoft Visual Studio Solution File, Format Version 12.00
# Visual Studio Version 16
VisualStudioVersion = 16.0.31702.278
MinimumVisualStudioVersion = 10.0.40219.1
Project("{FAE04EC0-301F-11D3-BF4B-00C04F79EFBC}") = "Aula219_Comparison", "Aula219_Comparison\Aula219_Comparison.csproj", "{81DA78C0-0F97-4785-8A78-370ACC868241}"
EndProject
Global
	GlobalSection(SolutionConfigurationPlatforms) = preSolution
		Debug|Any CPU = Debug|Any CPU
		Release|Any CPU = Release|Any CPU
	EndGlobalSection
	GlobalSection(ProjectConfigurationPlatforms) = postSolution
		{81DA78C0-0F97-4785-8A78-370ACC868241}.Debug|Any CPU.ActiveCfg = Debug|Any CPU
		{81DA78C0-0F97-4785-8A78-370ACC868241}.Debug|Any CPU.Build.0 = Debug|Any CPU
		{81DA78C0-0F97-4785-8A78-370ACC868241}.Release|Any CPU.ActiveCfg = Release|Any CPU
		{81DA78C0-0F97-4785-8A78-370ACC868241}.Release|Any CPU.Build.0 = Release|Any CPU
	EndGlobalSection
	GlobalSection(SolutionProperties) = preSolution
		HideSolutionNode = FALSE
	EndGlobalSection
	GlobalSection(ExtensibilityGlobals) = postSolution
		SolutionGuid = {0F41E8DA-D706-46C7-BCAA-34CABEED051F}
	EndGlobalSection
EndGlobal
